
Microsoft Visual Studio Solution File, Format Version 12.00
# Visual Studio Version 16
VisualStudioVersion = 16.0.29709.97
MinimumVisualStudioVersion = 10.0.40219.1
Project("{9A19103F-16F7-4668-BE54-9A1E7A4F7556}") = "FromAeApi", "FromAeApi\FromAeApi.csproj", "{7C371F1D-1B1C-41D7-8476-D8004467281A}"
EndProject
Project("{FAE04EC0-301F-11D3-BF4B-00C04F79EFBC}") = "FromAeMVC", "FromAeMVC\FromAeMVC.csproj", "{E6E3119E-33C1-40AE-A145-ACE91C3A8536}"
EndProject
Global
	GlobalSection(SolutionConfigurationPlatforms) = preSolution
		Debug|Any CPU = Debug|Any CPU
		Release|Any CPU = Release|Any CPU
	EndGlobalSection
	GlobalSection(ProjectConfigurationPlatforms) = postSolution
		{7C371F1D-1B1C-41D7-8476-D8004467281A}.Debug|Any CPU.ActiveCfg = Debug|Any CPU
		{7C371F1D-1B1C-41D7-8476-D8004467281A}.Debug|Any CPU.Build.0 = Debug|Any CPU
		{7C371F1D-1B1C-41D7-8476-D8004467281A}.Release|Any CPU.ActiveCfg = Release|Any CPU
		{7C371F1D-1B1C-41D7-8476-D8004467281A}.Release|Any CPU.Build.0 = Release|Any CPU
		{E6E3119E-33C1-40AE-A145-ACE91C3A8536}.Debug|Any CPU.ActiveCfg = Debug|Any CPU
		{E6E3119E-33C1-40AE-A145-ACE91C3A8536}.Debug|Any CPU.Build.0 = Debug|Any CPU
		{E6E3119E-33C1-40AE-A145-ACE91C3A8536}.Release|Any CPU.ActiveCfg = Release|Any CPU
		{E6E3119E-33C1-40AE-A145-ACE91C3A8536}.Release|Any CPU.Build.0 = Release|Any CPU
	EndGlobalSection
	GlobalSection(SolutionProperties) = preSolution
		HideSolutionNode = FALSE
	EndGlobalSection
	GlobalSection(ExtensibilityGlobals) = postSolution
		SolutionGuid = {4893CD0D-07C5-40DF-8BE8-CB846678A281}
	EndGlobalSection
EndGlobal
